
Microsoft Visual Studio Solution File, Format Version 12.00
# Visual Studio Version 16
VisualStudioVersion = 16.0.29920.165
MinimumVisualStudioVersion = 10.0.40219.1
Project("{9A19103F-16F7-4668-BE54-9A1E7A4F7556}") = "Arad.ChunkedUpload", "Arad.ChunkedUpload\Arad.ChunkedUpload.csproj", "{050847AC-17F9-4E79-A1D2-4713F64D77BB}"
EndProject
Project("{FAE04EC0-301F-11D3-BF4B-00C04F79EFBC}") = "Arad.ChunkedUpload.Test", "Arad.ChunkedUpload.Test\Arad.ChunkedUpload.Test.csproj", "{C0AC0736-B776-4C0C-AF90-8E9FE653FF15}"
EndProject
Global
	GlobalSection(SolutionConfigurationPlatforms) = preSolution
		Debug|Any CPU = Debug|Any CPU
		Release|Any CPU = Release|Any CPU
	EndGlobalSection
	GlobalSection(ProjectConfigurationPlatforms) = postSolution
		{050847AC-17F9-4E79-A1D2-4713F64D77BB}.Debug|Any CPU.ActiveCfg = Debug|Any CPU
		{050847AC-17F9-4E79-A1D2-4713F64D77BB}.Debug|Any CPU.Build.0 = Debug|Any CPU
		{050847AC-17F9-4E79-A1D2-4713F64D77BB}.Release|Any CPU.ActiveCfg = Release|Any CPU
		{050847AC-17F9-4E79-A1D2-4713F64D77BB}.Release|Any CPU.Build.0 = Release|Any CPU
		{C0AC0736-B776-4C0C-AF90-8E9FE653FF15}.Debug|Any CPU.ActiveCfg = Debug|Any CPU
		{C0AC0736-B776-4C0C-AF90-8E9FE653FF15}.Debug|Any CPU.Build.0 = Debug|Any CPU
		{C0AC0736-B776-4C0C-AF90-8E9FE653FF15}.Release|Any CPU.ActiveCfg = Release|Any CPU
		{C0AC0736-B776-4C0C-AF90-8E9FE653FF15}.Release|Any CPU.Build.0 = Release|Any CPU
	EndGlobalSection
	GlobalSection(SolutionProperties) = preSolution
		HideSolutionNode = FALSE
	EndGlobalSection
	GlobalSection(ExtensibilityGlobals) = postSolution
		SolutionGuid = {92E5FF5E-D2FE-4CCE-A1FE-9F2D346D27E8}
	EndGlobalSection
EndGlobal
